
Microsoft Visual Studio Solution File, Format Version 12.00
# Visual Studio Version 17
VisualStudioVersion = 17.6.33723.286
MinimumVisualStudioVersion = 10.0.40219.1
Project("{FAE04EC0-301F-11D3-BF4B-00C04F79EFBC}") = "TaskBoardApp", "TaskBoardApp\TaskBoardApp.csproj", "{7D81D558-8C02-4FD4-93FA-4F5767C3E74C}"
EndProject
Global
	GlobalSection(SolutionConfigurationPlatforms) = preSolution
		Debug|Any CPU = Debug|Any CPU
		Release|Any CPU = Release|Any CPU
	EndGlobalSection
	GlobalSection(ProjectConfigurationPlatforms) = postSolution
		{7D81D558-8C02-4FD4-93FA-4F5767C3E74C}.Debug|Any CPU.ActiveCfg = Debug|Any CPU
		{7D81D558-8C02-4FD4-93FA-4F5767C3E74C}.Debug|Any CPU.Build.0 = Debug|Any CPU
		{7D81D558-8C02-4FD4-93FA-4F5767C3E74C}.Release|Any CPU.ActiveCfg = Release|Any CPU
		{7D81D558-8C02-4FD4-93FA-4F5767C3E74C}.Release|Any CPU.Build.0 = Release|Any CPU
	EndGlobalSection
	GlobalSection(SolutionProperties) = preSolution
		HideSolutionNode = FALSE
	EndGlobalSection
	GlobalSection(ExtensibilityGlobals) = postSolution
		SolutionGuid = {F8D4AE46-F169-4BD0-830F-EC57D82F356B}
	EndGlobalSection
EndGlobal
